
Microsoft Visual Studio Solution File, Format Version 12.00
# Visual Studio Version 17
VisualStudioVersion = 17.13.35828.75 d17.13
MinimumVisualStudioVersion = 10.0.40219.1
Project("{FAE04EC0-301F-11D3-BF4B-00C04F79EFBC}") = "CarRacing", "CarRacing\CarRacing.csproj", "{14B0173E-E229-457E-9C8B-CBFC78538EF8}"
EndProject
Global
	GlobalSection(SolutionConfigurationPlatforms) = preSolution
		Debug|Any CPU = Debug|Any CPU
		Release|Any CPU = Release|Any CPU
	EndGlobalSection
	GlobalSection(ProjectConfigurationPlatforms) = postSolution
		{14B0173E-E229-457E-9C8B-CBFC78538EF8}.Debug|Any CPU.ActiveCfg = Debug|Any CPU
		{14B0173E-E229-457E-9C8B-CBFC78538EF8}.Debug|Any CPU.Build.0 = Debug|Any CPU
		{14B0173E-E229-457E-9C8B-CBFC78538EF8}.Release|Any CPU.ActiveCfg = Release|Any CPU
		{14B0173E-E229-457E-9C8B-CBFC78538EF8}.Release|Any CPU.Build.0 = Release|Any CPU
	EndGlobalSection
	GlobalSection(SolutionProperties) = preSolution
		HideSolutionNode = FALSE
	EndGlobalSection
	GlobalSection(ExtensibilityGlobals) = postSolution
		SolutionGuid = {E2FBD7A8-C504-4B3E-8609-5985CD919F97}
	EndGlobalSection
EndGlobal
